PODS:
  - Flutter (1.0.0)
  - quanyu_sdk (0.0.15):
    - Flutter
  - shared_preferences_foundation (0.0.1):
    - Flutter
    - FlutterMacOS

DEPENDENCIES:
  - Flutter (from `Flutter`)
  - quanyu_sdk (from `.symlinks/plugins/quanyu_sdk/ios`)
  - shared_preferences_foundation (from `.symlinks/plugins/shared_preferences_foundation/darwin`)

EXTERNAL SOURCES:
  Flutter:
    :path: Flutter
  quanyu_sdk:
    :path: ".symlinks/plugins/quanyu_sdk/ios"
  shared_preferences_foundation:
    :path: ".symlinks/plugins/shared_preferences_foundation/darwin"

SPEC CHECKSUMS:
  Flutter: cabc95a1d2626b1b06e7179b784ebcf0c0cde467
  quanyu_sdk: 5462e483c72a70842afc8a1f38de83d28473c855
  shared_preferences_foundation: 9e1978ff2562383bd5676f64ec4e9aa8fa06a6f7

PODFILE CHECKSUM: 3e5457bde41755736b45309e4f7638a5b18fdeba

COCOAPODS: 1.16.2
