PODS:
  - Flutter (1.0.0)
  - quanyu_sdk (0.0.2):
    - Flutter
  - Reachability (3.7.6)
  - shared_preferences_foundation (0.0.1):
    - Flutter
    - FlutterMacOS

DEPENDENCIES:
  - Flutter (from `Flutter`)
  - quanyu_sdk (from `.symlinks/plugins/quanyu_sdk/ios`)
  - Reachability (~> 3.2)
  - shared_preferences_foundation (from `.symlinks/plugins/shared_preferences_foundation/darwin`)

SPEC REPOS:
  trunk:
    - Reachability

EXTERNAL SOURCES:
  Flutter:
    :path: Flutter
  quanyu_sdk:
    :path: ".symlinks/plugins/quanyu_sdk/ios"
  shared_preferences_foundation:
    :path: ".symlinks/plugins/shared_preferences_foundation/darwin"

SPEC CHECKSUMS:
  Flutter: e0871f40cf51350855a761d2e70bf5af5b9b5de7
  quanyu_sdk: ab90fad5cc091c1416d32a78b519da239560163a
  Reachability: fd0ecd23705e2599e4cceeb943222ae02296cbc6
  shared_preferences_foundation: 9e1978ff2562383bd5676f64ec4e9aa8fa06a6f7

PODFILE CHECKSUM: 7d52cf7c89fce5b1903cbae67842e4225001218b

COCOAPODS: 1.16.2
